
Microsoft Visual Studio Solution File, Format Version 12.00
# Visual Studio Version 17
VisualStudioVersion = 17.5.2.0
MinimumVisualStudioVersion = 10.0.40219.1
Project("{FAE04EC0-301F-11D3-BF4B-00C04F79EFBC}") = "WaterTemperature.Api", "src\backend\WaterTemperature.Api\WaterTemperature.Api.csproj", "{30E92DA3-4C6F-2DEB-A930-CC84659061BE}"
EndProject
Project("{FAE04EC0-301F-11D3-BF4B-00C04F79EFBC}") = "aspire-apphost", "src\aspire\apphost\aspire-apphost.csproj", "{B6DE0676-7FD7-4C2D-9050-BF75D32496DB}"
EndProject
Project("{FAE04EC0-301F-11D3-BF4B-00C04F79EFBC}") = "servicedefaults", "src\aspire\servicedefaults\servicedefaults.csproj", "{9DCDFF5D-5495-43F9-8912-51C7C780CFA9}"
EndProject
Project("{FAE04EC0-301F-11D3-BF4B-00C04F79EFBC}") = "WaterTemperature.Api.Tests", "src\backend\WaterTemperature.Api.Tests\WaterTemperature.Api.Tests.csproj", "{2E8C9B7F-5A13-4B96-8E5C-AF0B36C225B0}"
EndProject
Global
	GlobalSection(SolutionConfigurationPlatforms) = preSolution
		Debug|Any CPU = Debug|Any CPU
		Debug|x64 = Debug|x64
		Debug|x86 = Debug|x86
		Release|Any CPU = Release|Any CPU
		Release|x64 = Release|x64
		Release|x86 = Release|x86
	EndGlobalSection
	GlobalSection(ProjectConfigurationPlatforms) = postSolution
		{30E92DA3-4C6F-2DEB-A930-CC84659061BE}.Debug|Any CPU.ActiveCfg = Debug|Any CPU
		{30E92DA3-4C6F-2DEB-A930-CC84659061BE}.Debug|Any CPU.Build.0 = Debug|Any CPU
		{30E92DA3-4C6F-2DEB-A930-CC84659061BE}.Debug|x64.ActiveCfg = Debug|Any CPU
		{30E92DA3-4C6F-2DEB-A930-CC84659061BE}.Debug|x64.Build.0 = Debug|Any CPU
		{30E92DA3-4C6F-2DEB-A930-CC84659061BE}.Debug|x86.ActiveCfg = Debug|Any CPU
		{30E92DA3-4C6F-2DEB-A930-CC84659061BE}.Debug|x86.Build.0 = Debug|Any CPU
		{30E92DA3-4C6F-2DEB-A930-CC84659061BE}.Release|Any CPU.ActiveCfg = Release|Any CPU
		{30E92DA3-4C6F-2DEB-A930-CC84659061BE}.Release|Any CPU.Build.0 = Release|Any CPU
		{30E92DA3-4C6F-2DEB-A930-CC84659061BE}.Release|x64.ActiveCfg = Release|Any CPU
		{30E92DA3-4C6F-2DEB-A930-CC84659061BE}.Release|x64.Build.0 = Release|Any CPU
		{30E92DA3-4C6F-2DEB-A930-CC84659061BE}.Release|x86.ActiveCfg = Release|Any CPU
		{30E92DA3-4C6F-2DEB-A930-CC84659061BE}.Release|x86.Build.0 = Release|Any CPU
		{B6DE0676-7FD7-4C2D-9050-BF75D32496DB}.Debug|Any CPU.ActiveCfg = Debug|Any CPU
		{B6DE0676-7FD7-4C2D-9050-BF75D32496DB}.Debug|Any CPU.Build.0 = Debug|Any CPU
		{B6DE0676-7FD7-4C2D-9050-BF75D32496DB}.Debug|x64.ActiveCfg = Debug|Any CPU
		{B6DE0676-7FD7-4C2D-9050-BF75D32496DB}.Debug|x64.Build.0 = Debug|Any CPU
		{B6DE0676-7FD7-4C2D-9050-BF75D32496DB}.Debug|x86.ActiveCfg = Debug|Any CPU
		{B6DE0676-7FD7-4C2D-9050-BF75D32496DB}.Debug|x86.Build.0 = Debug|Any CPU
		{B6DE0676-7FD7-4C2D-9050-BF75D32496DB}.Release|Any CPU.ActiveCfg = Release|Any CPU
		{B6DE0676-7FD7-4C2D-9050-BF75D32496DB}.Release|Any CPU.Build.0 = Release|Any CPU
		{B6DE0676-7FD7-4C2D-9050-BF75D32496DB}.Release|x64.ActiveCfg = Release|Any CPU
		{B6DE0676-7FD7-4C2D-9050-BF75D32496DB}.Release|x64.Build.0 = Release|Any CPU
		{B6DE0676-7FD7-4C2D-9050-BF75D32496DB}.Release|x86.ActiveCfg = Release|Any CPU
		{B6DE0676-7FD7-4C2D-9050-BF75D32496DB}.Release|x86.Build.0 = Release|Any CPU
		{9DCDFF5D-5495-43F9-8912-51C7C780CFA9}.Debug|Any CPU.ActiveCfg = Debug|Any CPU
		{9DCDFF5D-5495-43F9-8912-51C7C780CFA9}.Debug|Any CPU.Build.0 = Debug|Any CPU
		{9DCDFF5D-5495-43F9-8912-51C7C780CFA9}.Debug|x64.ActiveCfg = Debug|Any CPU
		{9DCDFF5D-5495-43F9-8912-51C7C780CFA9}.Debug|x64.Build.0 = Debug|Any CPU
		{9DCDFF5D-5495-43F9-8912-51C7C780CFA9}.Debug|x86.ActiveCfg = Debug|Any CPU
		{9DCDFF5D-5495-43F9-8912-51C7C780CFA9}.Debug|x86.Build.0 = Debug|Any CPU
		{9DCDFF5D-5495-43F9-8912-51C7C780CFA9}.Release|Any CPU.ActiveCfg = Release|Any CPU
		{9DCDFF5D-5495-43F9-8912-51C7C780CFA9}.Release|Any CPU.Build.0 = Release|Any CPU
		{9DCDFF5D-5495-43F9-8912-51C7C780CFA9}.Release|x64.ActiveCfg = Release|Any CPU
		{9DCDFF5D-5495-43F9-8912-51C7C780CFA9}.Release|x64.Build.0 = Release|Any CPU
		{9DCDFF5D-5495-43F9-8912-51C7C780CFA9}.Release|x86.ActiveCfg = Release|Any CPU
		{9DCDFF5D-5495-43F9-8912-51C7C780CFA9}.Release|x86.Build.0 = Release|Any CPU
		{2E8C9B7F-5A13-4B96-8E5C-AF0B36C225B0}.Debug|Any CPU.ActiveCfg = Debug|Any CPU
		{2E8C9B7F-5A13-4B96-8E5C-AF0B36C225B0}.Debug|Any CPU.Build.0 = Debug|Any CPU
		{2E8C9B7F-5A13-4B96-8E5C-AF0B36C225B0}.Debug|x64.ActiveCfg = Debug|Any CPU
		{2E8C9B7F-5A13-4B96-8E5C-AF0B36C225B0}.Debug|x64.Build.0 = Debug|Any CPU
		{2E8C9B7F-5A13-4B96-8E5C-AF0B36C225B0}.Debug|x86.ActiveCfg = Debug|Any CPU
		{2E8C9B7F-5A13-4B96-8E5C-AF0B36C225B0}.Debug|x86.Build.0 = Debug|Any CPU
		{2E8C9B7F-5A13-4B96-8E5C-AF0B36C225B0}.Release|Any CPU.ActiveCfg = Release|Any CPU
		{2E8C9B7F-5A13-4B96-8E5C-AF0B36C225B0}.Release|Any CPU.Build.0 = Release|Any CPU
		{2E8C9B7F-5A13-4B96-8E5C-AF0B36C225B0}.Release|x64.ActiveCfg = Release|Any CPU
		{2E8C9B7F-5A13-4B96-8E5C-AF0B36C225B0}.Release|x64.Build.0 = Release|Any CPU
		{2E8C9B7F-5A13-4B96-8E5C-AF0B36C225B0}.Release|x86.ActiveCfg = Release|Any CPU
		{2E8C9B7F-5A13-4B96-8E5C-AF0B36C225B0}.Release|x86.Build.0 = Release|Any CPU
	EndGlobalSection
	GlobalSection(SolutionProperties) = preSolution
		HideSolutionNode = FALSE
	EndGlobalSection
	GlobalSection(ExtensibilityGlobals) = postSolution
		SolutionGuid = {BD1D4059-A7EB-4EB4-82FF-28EDADA09250}
	EndGlobalSection
EndGlobal
