
Microsoft Visual Studio Solution File, Format Version 12.00
# Visual Studio Version 17
VisualStudioVersion = 17.0.31912.275
MinimumVisualStudioVersion = 10.0.40219.1
Project("{2150E333-8FDC-42A3-9474-1A3956D46DE8}") = "aspire", "aspire", "{5FB4A81C-9C7F-4D06-AF1F-5F6E1B065DC3}"
EndProject
Project("{9A19103F-16F7-4668-BE54-9A1E7A4F7556}") = "AppHost", "aspire/AppHost/AppHost.csproj", "{BFA239C6-6D5E-4B7D-8DEF-9B87B66EC0C2}"
EndProject
Project("{9A19103F-16F7-4668-BE54-9A1E7A4F7556}") = "WaterTemperature.Api", "backend/WaterTemperature.Api/WaterTemperature.Api.csproj", "{6A05729F-2C9B-4D66-A7B5-2C6D5BA4D1E4}"
EndProject
Global
    GlobalSection(SolutionConfigurationPlatforms) = preSolution
        Debug|Any CPU = Debug|Any CPU
        Release|Any CPU = Release|Any CPU
    EndGlobalSection
    GlobalSection(ProjectConfigurationPlatforms) = postSolution
        {BFA239C6-6D5E-4B7D-8DEF-9B87B66EC0C2}.Debug|Any CPU.ActiveCfg = Debug|Any CPU
        {BFA239C6-6D5E-4B7D-8DEF-9B87B66EC0C2}.Debug|Any CPU.Build.0 = Debug|Any CPU
        {BFA239C6-6D5E-4B7D-8DEF-9B87B66EC0C2}.Release|Any CPU.ActiveCfg = Release|Any CPU
        {BFA239C6-6D5E-4B7D-8DEF-9B87B66EC0C2}.Release|Any CPU.Build.0 = Release|Any CPU
        {6A05729F-2C9B-4D66-A7B5-2C6D5BA4D1E4}.Debug|Any CPU.ActiveCfg = Debug|Any CPU
        {6A05729F-2C9B-4D66-A7B5-2C6D5BA4D1E4}.Debug|Any CPU.Build.0 = Debug|Any CPU
        {6A05729F-2C9B-4D66-A7B5-2C6D5BA4D1E4}.Release|Any CPU.ActiveCfg = Release|Any CPU
        {6A05729F-2C9B-4D66-A7B5-2C6D5BA4D1E4}.Release|Any CPU.Build.0 = Release|Any CPU
    EndGlobalSection
EndGlobal
